<?xml version="1.0" encoding="utf-8"?>
<Project ToolsVersion="4.0" xmlns="http://schemas.microsoft.com/developer/msbuild/2003">
  <ItemGroup>
    <Filter Include="Source Files">
      <UniqueIdentifier>{4FC737F1-C7A5-4376-A066-2A32D752A2FF}</UniqueIdentifier>
      <Extensions>cpp;c;cc;cxx;def;odl;idl;hpj;bat;asm;asmx</Extensions>
    </Filter>
    <Filter Include="Header Files">
      <UniqueIdentifier>{93995380-89BD-4b04-88EB-625FBE52EBFB}</UniqueIdentifier>
      <Extensions>h;hh;hpp;hxx;hm;inl;inc;xsd</Extensions>
    </Filter>
    <Filter Include="Resource Files">
      <UniqueIdentifier>{67DA6AB6-F800-4c08-8B7A-83BB121AAD01}</UniqueIdentifier>
      <Extensions>rc;ico;cur;bmp;dlg;rc2;rct;bin;rgs;gif;jpg;jpeg;jpe;resx;tiff;tif;png;wav</Extensions>
    </Filter>
    <Filter Include="Header Files\lib">
      <UniqueIdentifier>{a20c0d37-7a8b-466e-b4ff-63980e3e0e4e}</UniqueIdentifier>
    </Filter>
    <Filter Include="Header Files\main">
      <UniqueIdentifier>{a7f52fbc-2e53-4142-b5b4-61f7bb55aedf}</UniqueIdentifier>
    </Filter>
    <Filter Include="Source Files\lib">
      <UniqueIdentifier>{9d075c7c-339f-4136-8399-85d4e172afc0}</UniqueIdentifier>
    </Filter>
    <Filter Include="Source Files\main">
      <UniqueIdentifier>{84fcd814-a7bf-47b5-9260-44a823901d28}</UniqueIdentifier>
    </Filter>
    <Filter Include="Shaders">
      <UniqueIdentifier>{55381e72-e303-4dc1-a7fe-cae5a00da4c3}</UniqueIdentifier>
    </Filter>
  </ItemGroup>
  <ItemGroup>
    <ClCompile Include="src\stdb_image.cpp">
      <Filter>Source Files\lib</Filter>
    </ClCompile>
    <ClCompile Include="src\glad.c">
      <Filter>Source Files\lib</Filter>
    </ClCompile>
    <ClCompile Include="src\main.cpp">
      <Filter>Source Files\main</Filter>
    </ClCompile>
    <ClCompile Include="src\shader_s.cpp">
      <Filter>Source Files\lib</Filter>
    </ClCompile>
    <ClCompile Include="src\minecraft\Camera.cpp">
      <Filter>Source Files</Filter>
    </ClCompile>
    <ClCompile Include="src\minecraft\Block.cpp">
      <Filter>Source Files</Filter>
    </ClCompile>
    <ClCompile Include="src\minecraft\Chunk.cpp">
      <Filter>Source Files</Filter>
    </ClCompile>
    <ClCompile Include="src\stdb_image_write.cpp">
      <Filter>Source Files</Filter>
    </ClCompile>
    <ClCompile Include="src\minecraft\Level.cpp">
      <Filter>Source Files</Filter>
    </ClCompile>
    <ClCompile Include="src\OpenGLSetup\block_vao.cpp">
      <Filter>Source Files</Filter>
    </ClCompile>
    <ClCompile Include="src\OpenGLSetup\skybox_vao.cpp">
      <Filter>Source Files</Filter>
    </ClCompile>
    <ClCompile Include="src\OpenGLSetup\gui_vao.cpp">
      <Filter>Source Files</Filter>
    </ClCompile>
    <ClCompile Include="src\OpenGLSetup\block_icon_vao.cpp">
      <Filter>Source Files</Filter>
    </ClCompile>
  </ItemGroup>
  <ItemGroup>
    <ClInclude Include="include\stb_image.h">
      <Filter>Header Files\lib</Filter>
    </ClInclude>
    <ClInclude Include="include\khr\khrplatform.h">
      <Filter>Header Files\lib</Filter>
    </ClInclude>
    <ClInclude Include="include\glfw\glfw3native.h">
      <Filter>Header Files\lib</Filter>
    </ClInclude>
    <ClInclude Include="include\glfw\glfw3.h">
      <Filter>Header Files\lib</Filter>
    </ClInclude>
    <ClInclude Include="include\glad\glad.h">
      <Filter>Header Files\lib</Filter>
    </ClInclude>
    <ClInclude Include="include\shader_s.hpp">
      <Filter>Header Files\lib</Filter>
    </ClInclude>
    <ClInclude Include="include\minecraft\Camera.hpp">
      <Filter>Header Files</Filter>
    </ClInclude>
    <ClInclude Include="include\minecraft\Block.hpp">
      <Filter>Header Files</Filter>
    </ClInclude>
    <ClInclude Include="include\minecraft\Chunk.hpp">
      <Filter>Header Files</Filter>
    </ClInclude>
    <ClInclude Include="include\stb_image_write.h">
      <Filter>Header Files</Filter>
    </ClInclude>
    <ClInclude Include="include\minecraft\Level.hpp">
      <Filter>Header Files</Filter>
    </ClInclude>
    <ClInclude Include="include\OpenGLSetup\block_vao.hpp">
      <Filter>Header Files</Filter>
    </ClInclude>
    <ClInclude Include="include\OpenGLSetup\globals.hpp">
      <Filter>Header Files</Filter>
    </ClInclude>
    <ClInclude Include="include\FastNoiseLite.h">
      <Filter>Header Files</Filter>
    </ClInclude>
    <ClInclude Include="include\OpenGLSetup\skybox_vao.hpp">
      <Filter>Header Files</Filter>
    </ClInclude>
    <ClInclude Include="include\OpenGLSetup\gui_vao.hpp">
      <Filter>Header Files</Filter>
    </ClInclude>
    <ClInclude Include="include\OpenGLSetup\block_icon_vao.hpp">
      <Filter>Header Files</Filter>
    </ClInclude>
  </ItemGroup>
  <ItemGroup>
    <None Include="shader\shader.vs">
      <Filter>Shaders</Filter>
    </None>
    <None Include="shader\shader.fs">
      <Filter>Shaders</Filter>
    </None>
    <None Include="shader\cubeMap.vs" />
    <None Include="shader\cubeMap.fs" />
    <None Include="shader\gui.fs" />
    <None Include="shader\gui.vs" />
    <None Include="shader\blockIcon.vs" />
    <None Include="shader\blockIcon.fs" />
  </ItemGroup>
  <ItemGroup>
    <Image Include="rsrc\container.jpg">
      <Filter>Resource Files</Filter>
    </Image>
    <Image Include="..\..\AppData\Roaming\.minecraft\versions\1.17\1.17\assets\minecraft\textures\block\oak_log_top.png">
      <Filter>Resource Files</Filter>
    </Image>
    <Image Include="..\..\AppData\Roaming\.minecraft\versions\1.17\1.17\assets\minecraft\textures\block\grass_block_side.png">
      <Filter>Resource Files</Filter>
    </Image>
    <Image Include="..\..\AppData\Roaming\.minecraft\versions\1.17\1.17\assets\minecraft\textures\block\diamond_block.png">
      <Filter>Resource Files</Filter>
    </Image>
    <Image Include="..\..\AppData\Roaming\.minecraft\versions\1.17\1.17\assets\minecraft\textures\gui\widgets.png">
      <Filter>Resource Files</Filter>
    </Image>
    <Image Include="..\..\Downloads\classicpack\assets\minecraft\textures\block\grass_block_top.png">
      <Filter>Resource Files</Filter>
    </Image>
  </ItemGroup>
</Project>